PODS:
  - composeApp (1.0):
    - WebRTC-SDK (= 125.6422.05)
  - WebRTC-SDK (125.6422.05)

DEPENDENCIES:
  - composeApp (from `../composeApp`)

SPEC REPOS:
  trunk:
    - WebRTC-SDK

EXTERNAL SOURCES:
  composeApp:
    :path: "../composeApp"

SPEC CHECKSUMS:
  composeApp: 7bac0acce6b273a62b77391dc4299fa21cf34e00
  WebRTC-SDK: 1990a1a595bd0b59c17485ce13ff17f575732c12

PODFILE CHECKSUM: 46826eb0cc506916b6fadad35cc0a39d636dfee1

COCOAPODS: 1.16.2
